# This file is automatically @generated by Cargo.
# It is not intended for manual editing.
version = 4

[[package]]
name = "norte-cli"
version = "0.0.0"
dependencies = [
 "norte-core",
]

[[package]]
name = "norte-core"
version = "0.0.0"
dependencies = [
 "norte-vfs",
]

[[package]]
name = "norte-proto"
version = "0.0.0"

[[package]]
name = "norte-testkit"
version = "0.0.0"
dependencies = [
 "norte-vfs",
]

[[package]]
name = "norte-vfs"
version = "0.0.0"
dependencies = [
 "norte-proto",
]

[[package]]
name = "norte-vfs-local"
version = "0.0.0"
dependencies = [
 "norte-vfs",
]
